
Microsoft Visual Studio Solution File, Format Version 12.00
# Visual Studio Version 16
VisualStudioVersion = 16.0.31702.278
MinimumVisualStudioVersion = 10.0.40219.1
Project("{FAE04EC0-301F-11D3-BF4B-00C04F79EFBC}") = "WpfApp2", "WpfApp2\WpfApp2.csproj", "{21213551-ED0C-45E6-9A33-615B6D665B86}"
EndProject
Global
	GlobalSection(SolutionConfigurationPlatforms) = preSolution
		Debug|Any CPU = Debug|Any CPU
		Release|Any CPU = Release|Any CPU
	EndGlobalSection
	GlobalSection(ProjectConfigurationPlatforms) = postSolution
		{21213551-ED0C-45E6-9A33-615B6D665B86}.Debug|Any CPU.ActiveCfg = Debug|Any CPU
		{21213551-ED0C-45E6-9A33-615B6D665B86}.Debug|Any CPU.Build.0 = Debug|Any CPU
		{21213551-ED0C-45E6-9A33-615B6D665B86}.Release|Any CPU.ActiveCfg = Release|Any CPU
		{21213551-ED0C-45E6-9A33-615B6D665B86}.Release|Any CPU.Build.0 = Release|Any CPU
	EndGlobalSection
	GlobalSection(SolutionProperties) = preSolution
		HideSolutionNode = FALSE
	EndGlobalSection
	GlobalSection(ExtensibilityGlobals) = postSolution
		SolutionGuid = {6981C06F-1E62-4637-9F81-8D58C6BE515F}
	EndGlobalSection
EndGlobal
